// !$*UTF8*$!
{
	archiveVersion = 1;
	classes = {
	};
	objectVersion = 55;
	objects = {

/* Begin PBXBuildFile section */
		ED1EB15C2A361BEB00D6C562 /* View1_3_alt.swift in Sources */ = {isa = PBXBuildFile; fileRef = ED1EB15B2A361BEB00D6C562 /* View1_3_alt.swift */; };
		ED1EB15E2A361C5C00D6C562 /* Controller1_3_alt.swift in Sources */ = {isa = PBXBuildFile; fileRef = ED1EB15D2A361C5C00D6C562 /* Controller1_3_alt.swift */; };
		ED1EB1602A361EC900D6C562 /* View2_1.swift in Sources */ = {isa = PBXBuildFile; fileRef = ED1EB15F2A361EC900D6C562 /* View2_1.swift */; };
		ED1EB1622A361EE100D6C562 /* Controller2_1.swift in Sources */ = {isa = PBXBuildFile; fileRef = ED1EB1612A361EE100D6C562 /* Controller2_1.swift */; };
		ED1EB1642A36298B00D6C562 /* Controller2_3.swift in Sources */ = {isa = PBXBuildFile; fileRef = ED1EB1632A36298B00D6C562 /* Controller2_3.swift */; };
		ED1EB1662A362A4800D6C562 /* View2_3.swift in Sources */ = {isa = PBXBuildFile; fileRef = ED1EB1652A362A4800D6C562 /* View2_3.swift */; };
		ED8717AE2A34BFD50070D578 /* ViewCode.swift in Sources */ = {isa = PBXBuildFile; fileRef = ED8717AD2A34BFD50070D578 /* ViewCode.swift */; };
		ED8717B12A34C0D80070D578 /* HomeView.swift in Sources */ = {isa = PBXBuildFile; fileRef = ED8717B02A34C0D80070D578 /* HomeView.swift */; };
		ED8717B32A35E6350070D578 /* Controller1_1.swift in Sources */ = {isa = PBXBuildFile; fileRef = ED8717B22A35E6350070D578 /* Controller1_1.swift */; };
		ED8717B52A35E67C0070D578 /* View1_1.swift in Sources */ = {isa = PBXBuildFile; fileRef = ED8717B42A35E67C0070D578 /* View1_1.swift */; };
		ED8717B92A35F0C20070D578 /* Controller1_2.swift in Sources */ = {isa = PBXBuildFile; fileRef = ED8717B82A35F0C20070D578 /* Controller1_2.swift */; };
		ED8717BB2A35F0D10070D578 /* View1_2.swift in Sources */ = {isa = PBXBuildFile; fileRef = ED8717BA2A35F0D10070D578 /* View1_2.swift */; };
		ED8717BD2A35F2E40070D578 /* Controller1_2_alt.swift in Sources */ = {isa = PBXBuildFile; fileRef = ED8717BC2A35F2E40070D578 /* Controller1_2_alt.swift */; };
		ED8717BF2A35F30C0070D578 /* View1_2_alt.swift in Sources */ = {isa = PBXBuildFile; fileRef = ED8717BE2A35F30B0070D578 /* View1_2_alt.swift */; };
		ED8717C12A35F4B40070D578 /* Controller1_3.swift in Sources */ = {isa = PBXBuildFile; fileRef = ED8717C02A35F4B40070D578 /* Controller1_3.swift */; };
		ED8717C32A35F4D00070D578 /* View1_3.swift in Sources */ = {isa = PBXBuildFile; fileRef = ED8717C22A35F4D00070D578 /* View1_3.swift */; };
		EDA225A72A34BB1C00F10E20 /* AppDelegate.swift in Sources */ = {isa = PBXBuildFile; fileRef = EDA225A62A34BB1C00F10E20 /* AppDelegate.swift */; };
		EDA225A92A34BB1C00F10E20 /* SceneDelegate.swift in Sources */ = {isa = PBXBuildFile; fileRef = EDA225A82A34BB1C00F10E20 /* SceneDelegate.swift */; };
		EDA225AB2A34BB1C00F10E20 /* ViewController.swift in Sources */ = {isa = PBXBuildFile; fileRef = EDA225AA2A34BB1C00F10E20 /* ViewController.swift */; };
		EDA225B02A34BB2000F10E20 /* Assets.xcassets in Resources */ = {isa = PBXBuildFile; fileRef = EDA225AF2A34BB2000F10E20 /* Assets.xcassets */; };
/* End PBXBuildFile section */

/* Begin PBXFileReference section */
		ED1EB15B2A361BEB00D6C562 /* View1_3_alt.swift */ = {isa = PBXFileReference; lastKnownFileType = sourcecode.swift; path = View1_3_alt.swift; sourceTree = "<group>"; };
		ED1EB15D2A361C5C00D6C562 /* Controller1_3_alt.swift */ = {isa = PBXFileReference; lastKnownFileType = sourcecode.swift; path = Controller1_3_alt.swift; sourceTree = "<group>"; };
		ED1EB15F2A361EC900D6C562 /* View2_1.swift */ = {isa = PBXFileReference; lastKnownFileType = sourcecode.swift; path = View2_1.swift; sourceTree = "<group>"; };
		ED1EB1612A361EE100D6C562 /* Controller2_1.swift */ = {isa = PBXFileReference; lastKnownFileType = sourcecode.swift; path = Controller2_1.swift; sourceTree = "<group>"; };
		ED1EB1632A36298B00D6C562 /* Controller2_3.swift */ = {isa = PBXFileReference; lastKnownFileType = sourcecode.swift; path = Controller2_3.swift; sourceTree = "<group>"; };
		ED1EB1652A362A4800D6C562 /* View2_3.swift */ = {isa = PBXFileReference; lastKnownFileType = sourcecode.swift; path = View2_3.swift; sourceTree = "<group>"; };
		ED8717AD2A34BFD50070D578 /* ViewCode.swift */ = {isa = PBXFileReference; lastKnownFileType = sourcecode.swift; path = ViewCode.swift; sourceTree = "<group>"; };
		ED8717B02A34C0D80070D578 /* HomeView.swift */ = {isa = PBXFileReference; lastKnownFileType = sourcecode.swift; path = HomeView.swift; sourceTree = "<group>"; };
		ED8717B22A35E6350070D578 /* Controller1_1.swift */ = {isa = PBXFileReference; lastKnownFileType = sourcecode.swift; path = Controller1_1.swift; sourceTree = "<group>"; };
		ED8717B42A35E67C0070D578 /* View1_1.swift */ = {isa = PBXFileReference; lastKnownFileType = sourcecode.swift; path = View1_1.swift; sourceTree = "<group>"; };
		ED8717B82A35F0C20070D578 /* Controller1_2.swift */ = {isa = PBXFileReference; lastKnownFileType = sourcecode.swift; path = Controller1_2.swift; sourceTree = "<group>"; };
		ED8717BA2A35F0D10070D578 /* View1_2.swift */ = {isa = PBXFileReference; lastKnownFileType = sourcecode.swift; path = View1_2.swift; sourceTree = "<group>"; };
		ED8717BC2A35F2E40070D578 /* Controller1_2_alt.swift */ = {isa = PBXFileReference; lastKnownFileType = sourcecode.swift; path = Controller1_2_alt.swift; sourceTree = "<group>"; };
		ED8717BE2A35F30B0070D578 /* View1_2_alt.swift */ = {isa = PBXFileReference; lastKnownFileType = sourcecode.swift; path = View1_2_alt.swift; sourceTree = "<group>"; };
		ED8717C02A35F4B40070D578 /* Controller1_3.swift */ = {isa = PBXFileReference; lastKnownFileType = sourcecode.swift; path = Controller1_3.swift; sourceTree = "<group>"; };
		ED8717C22A35F4D00070D578 /* View1_3.swift */ = {isa = PBXFileReference; lastKnownFileType = sourcecode.swift; path = View1_3.swift; sourceTree = "<group>"; };
		EDA225A32A34BB1C00F10E20 /* IHC-1.app */ = {isa = PBXFileReference; explicitFileType = wrapper.application; includeInIndex = 0; path = "IHC-1.app"; sourceTree = BUILT_PRODUCTS_DIR; };
		EDA225A62A34BB1C00F10E20 /* AppDelegate.swift */ = {isa = PBXFileReference; lastKnownFileType = sourcecode.swift; path = AppDelegate.swift; sourceTree = "<group>"; };
		EDA225A82A34BB1C00F10E20 /* SceneDelegate.swift */ = {isa = PBXFileReference; lastKnownFileType = sourcecode.swift; path = SceneDelegate.swift; sourceTree = "<group>"; };
		EDA225AA2A34BB1C00F10E20 /* ViewController.swift */ = {isa = PBXFileReference; lastKnownFileType = sourcecode.swift; path = ViewController.swift; sourceTree = "<group>"; };
		EDA225AF2A34BB2000F10E20 /* Assets.xcassets */ = {isa = PBXFileReference; lastKnownFileType = folder.assetcatalog; path = Assets.xcassets; sourceTree = "<group>"; };
		EDA225B42A34BB2000F10E20 /* Info.plist */ = {isa = PBXFileReference; lastKnownFileType = text.plist.xml; path = Info.plist; sourceTree = "<group>"; };
/* End PBXFileReference section */

/* Begin PBXFrameworksBuildPhase section */
		EDA225A02A34BB1C00F10E20 /* Frameworks */ = {
			isa = PBXFrameworksBuildPhase;
			buildActionMask = 2147483647;
			files = (
			);
			runOnlyForDeploymentPostprocessing = 0;
		};
/* End PBXFrameworksBuildPhase section */

/* Begin PBXGroup section */
		ED8717AF2A34C09C0070D578 /* Views */ = {
			isa = PBXGroup;
			children = (
				ED8717B02A34C0D80070D578 /* HomeView.swift */,
				ED8717B22A35E6350070D578 /* Controller1_1.swift */,
				ED8717B82A35F0C20070D578 /* Controller1_2.swift */,
				ED8717BC2A35F2E40070D578 /* Controller1_2_alt.swift */,
				ED8717C02A35F4B40070D578 /* Controller1_3.swift */,
				ED1EB15D2A361C5C00D6C562 /* Controller1_3_alt.swift */,
				ED1EB1612A361EE100D6C562 /* Controller2_1.swift */,
				ED1EB1632A36298B00D6C562 /* Controller2_3.swift */,
				ED8717B42A35E67C0070D578 /* View1_1.swift */,
				ED8717BA2A35F0D10070D578 /* View1_2.swift */,
				ED8717BE2A35F30B0070D578 /* View1_2_alt.swift */,
				ED8717C22A35F4D00070D578 /* View1_3.swift */,
				ED1EB15B2A361BEB00D6C562 /* View1_3_alt.swift */,
				ED1EB15F2A361EC900D6C562 /* View2_1.swift */,
				ED1EB1652A362A4800D6C562 /* View2_3.swift */,
			);
			path = Views;
			sourceTree = "<group>";
		};
		EDA2259A2A34BB1C00F10E20 = {
			isa = PBXGroup;
			children = (
				EDA225A52A34BB1C00F10E20 /* IHC-1 */,
				EDA225A42A34BB1C00F10E20 /* Products */,
			);
			sourceTree = "<group>";
		};
		EDA225A42A34BB1C00F10E20 /* Products */ = {
			isa = PBXGroup;
			children = (
				EDA225A32A34BB1C00F10E20 /* IHC-1.app */,
			);
			name = Products;
			sourceTree = "<group>";
		};
		EDA225A52A34BB1C00F10E20 /* IHC-1 */ = {
			isa = PBXGroup;
			children = (
				EDA225A62A34BB1C00F10E20 /* AppDelegate.swift */,
				EDA225A82A34BB1C00F10E20 /* SceneDelegate.swift */,
				EDA225AA2A34BB1C00F10E20 /* ViewController.swift */,
				ED8717AD2A34BFD50070D578 /* ViewCode.swift */,
				ED8717AF2A34C09C0070D578 /* Views */,
				EDA225AF2A34BB2000F10E20 /* Assets.xcassets */,
				EDA225B42A34BB2000F10E20 /* Info.plist */,
			);
			path = "IHC-1";
			sourceTree = "<group>";
		};
/* End PBXGroup section */

/* Begin PBXNativeTarget section */
		EDA225A22A34BB1C00F10E20 /* IHC-1 */ = {
			isa = PBXNativeTarget;
			buildConfigurationList = EDA225B72A34BB2000F10E20 /* Build configuration list for PBXNativeTarget "IHC-1" */;
			buildPhases = (
				EDA2259F2A34BB1C00F10E20 /* Sources */,
				EDA225A02A34BB1C00F10E20 /* Frameworks */,
				EDA225A12A34BB1C00F10E20 /* Resources */,
			);
			buildRules = (
			);
			dependencies = (
			);
			name = "IHC-1";
			productName = "IHC-1";
			productReference = EDA225A32A34BB1C00F10E20 /* IHC-1.app */;
			productType = "com.apple.product-type.application";
		};
/* End PBXNativeTarget section */

/* Begin PBXProject section */
		EDA2259B2A34BB1C00F10E20 /* Project object */ = {
			isa = PBXProject;
			attributes = {
				BuildIndependentTargetsInParallel = 1;
				LastSwiftUpdateCheck = 1330;
				LastUpgradeCheck = 1330;
				TargetAttributes = {
					EDA225A22A34BB1C00F10E20 = {
						CreatedOnToolsVersion = 13.3;
					};
				};
			};
			buildConfigurationList = EDA2259E2A34BB1C00F10E20 /* Build configuration list for PBXProject "IHC-1" */;
			compatibilityVersion = "Xcode 13.0";
			developmentRegion = en;
			hasScannedForEncodings = 0;
			knownRegions = (
				en,
				Base,
			);
			mainGroup = EDA2259A2A34BB1C00F10E20;
			productRefGroup = EDA225A42A34BB1C00F10E20 /* Products */;
			projectDirPath = "";
			projectRoot = "";
			targets = (
				EDA225A22A34BB1C00F10E20 /* IHC-1 */,
			);
		};
/* End PBXProject section */

/* Begin PBXResourcesBuildPhase section */
		EDA225A12A34BB1C00F10E20 /* Resources */ = {
			isa = PBXResourcesBuildPhase;
			buildActionMask = 2147483647;
			files = (
				EDA225B02A34BB2000F10E20 /* Assets.xcassets in Resources */,
			);
			runOnlyForDeploymentPostprocessing = 0;
		};
/* End PBXResourcesBuildPhase section */

/* Begin PBXSourcesBuildPhase section */
		EDA2259F2A34BB1C00F10E20 /* Sources */ = {
			isa = PBXSourcesBuildPhase;
			buildActionMask = 2147483647;
			files = (
				EDA225AB2A34BB1C00F10E20 /* ViewController.swift in Sources */,
				ED1EB1622A361EE100D6C562 /* Controller2_1.swift in Sources */,
				EDA225A72A34BB1C00F10E20 /* AppDelegate.swift in Sources */,
				ED8717B52A35E67C0070D578 /* View1_1.swift in Sources */,
				ED8717C32A35F4D00070D578 /* View1_3.swift in Sources */,
				EDA225A92A34BB1C00F10E20 /* SceneDelegate.swift in Sources */,
				ED1EB1602A361EC900D6C562 /* View2_1.swift in Sources */,
				ED8717B92A35F0C20070D578 /* Controller1_2.swift in Sources */,
				ED1EB15C2A361BEB00D6C562 /* View1_3_alt.swift in Sources */,
				ED8717BB2A35F0D10070D578 /* View1_2.swift in Sources */,
				ED1EB1662A362A4800D6C562 /* View2_3.swift in Sources */,
				ED1EB15E2A361C5C00D6C562 /* Controller1_3_alt.swift in Sources */,
				ED8717B12A34C0D80070D578 /* HomeView.swift in Sources */,
				ED1EB1642A36298B00D6C562 /* Controller2_3.swift in Sources */,
				ED8717AE2A34BFD50070D578 /* ViewCode.swift in Sources */,
				ED8717BD2A35F2E40070D578 /* Controller1_2_alt.swift in Sources */,
				ED8717C12A35F4B40070D578 /* Controller1_3.swift in Sources */,
				ED8717BF2A35F30C0070D578 /* View1_2_alt.swift in Sources */,
				ED8717B32A35E6350070D578 /* Controller1_1.swift in Sources */,
			);
			runOnlyForDeploymentPostprocessing = 0;
		};
/* End PBXSourcesBuildPhase section */

/* Begin XCBuildConfiguration section */
		EDA225B52A34BB2000F10E20 /* Debug */ = {
			isa = XCBuildConfiguration;
			buildSettings = {
				ALWAYS_SEARCH_USER_PATHS = NO;
				CLANG_ANALYZER_NONNULL = YES;
				CLANG_ANALYZER_NUMBER_OBJECT_CONVERSION = YES_AGGRESSIVE;
				CLANG_CXX_LANGUAGE_STANDARD = "gnu++17";
				CLANG_ENABLE_MODULES = YES;
				CLANG_ENABLE_OBJC_ARC = YES;
				CLANG_ENABLE_OBJC_WEAK = YES;
				CLANG_WARN_BLOCK_CAPTURE_AUTORELEASING = YES;
				CLANG_WARN_BOOL_CONVERSION = YES;
				CLANG_WARN_COMMA = YES;
				CLANG_WARN_CONSTANT_CONVERSION = YES;
				CLANG_WARN_DEPRECATED_OBJC_IMPLEMENTATIONS = YES;
				CLANG_WARN_DIRECT_OBJC_ISA_USAGE = YES_ERROR;
				CLANG_WARN_DOCUMENTATION_COMMENTS = YES;
				CLANG_WARN_EMPTY_BODY = YES;
				CLANG_WARN_ENUM_CONVERSION = YES;
				CLANG_WARN_INFINITE_RECURSION = YES;
				CLANG_WARN_INT_CONVERSION = YES;
				CLANG_WARN_NON_LITERAL_NULL_CONVERSION = YES;
				CLANG_WARN_OBJC_IMPLICIT_RETAIN_SELF = YES;
				CLANG_WARN_OBJC_LITERAL_CONVERSION = YES;
				CLANG_WARN_OBJC_ROOT_CLASS = YES_ERROR;
				CLANG_WARN_QUOTED_INCLUDE_IN_FRAMEWORK_HEADER = YES;
				CLANG_WARN_RANGE_LOOP_ANALYSIS = YES;
				CLANG_WARN_STRICT_PROTOTYPES = YES;
				CLANG_WARN_SUSPICIOUS_MOVE = YES;
				CLANG_WARN_UNGUARDED_AVAILABILITY = YES_AGGRESSIVE;
				CLANG_WARN_UNREACHABLE_CODE = YES;
				CLANG_WARN__DUPLICATE_METHOD_MATCH = YES;
				COPY_PHASE_STRIP = NO;
				DEBUG_INFORMATION_FORMAT = dwarf;
				ENABLE_STRICT_OBJC_MSGSEND = YES;
				ENABLE_TESTABILITY = YES;
				GCC_C_LANGUAGE_STANDARD = gnu11;
				GCC_DYNAMIC_NO_PIC = NO;
				GCC_NO_COMMON_BLOCKS = YES;
				GCC_OPTIMIZATION_LEVEL = 0;
				GCC_PREPROCESSOR_DEFINITIONS = (
					"DEBUG=1",
					"$(inherited)",
				);
				GCC_WARN_64_TO_32_BIT_CONVERSION = YES;
				GCC_WARN_ABOUT_RETURN_TYPE = YES_ERROR;
				GCC_WARN_UNDECLARED_SELECTOR = YES;
				GCC_WARN_UNINITIALIZED_AUTOS = YES_AGGRESSIVE;
				GCC_WARN_UNUSED_FUNCTION = YES;
				GCC_WARN_UNUSED_VARIABLE = YES;
				IPHONEOS_DEPLOYMENT_TARGET = 15.4;
				MTL_ENABLE_DEBUG_INFO = INCLUDE_SOURCE;
				MTL_FAST_MATH = YES;
				ONLY_ACTIVE_ARCH = YES;
				SDKROOT = iphoneos;
				SWIFT_ACTIVE_COMPILATION_CONDITIONS = DEBUG;
				SWIFT_OPTIMIZATION_LEVEL = "-Onone";
			};
			name = Debug;
		};
		EDA225B62A34BB2000F10E20 /* Release */ = {
			isa = XCBuildConfiguration;
			buildSettings = {
				ALWAYS_SEARCH_USER_PATHS = NO;
				CLANG_ANALYZER_NONNULL = YES;
				CLANG_ANALYZER_NUMBER_OBJECT_CONVERSION = YES_AGGRESSIVE;
				CLANG_CXX_LANGUAGE_STANDARD = "gnu++17";
				CLANG_ENABLE_MODULES = YES;
				CLANG_ENABLE_OBJC_ARC = YES;
				CLANG_ENABLE_OBJC_WEAK = YES;
				CLANG_WARN_BLOCK_CAPTURE_AUTORELEASING = YES;
				CLANG_WARN_BOOL_CONVERSION = YES;
				CLANG_WARN_COMMA = YES;
				CLANG_WARN_CONSTANT_CONVERSION = YES;
				CLANG_WARN_DEPRECATED_OBJC_IMPLEMENTATIONS = YES;
				CLANG_WARN_DIRECT_OBJC_ISA_USAGE = YES_ERROR;
				CLANG_WARN_DOCUMENTATION_COMMENTS = YES;
				CLANG_WARN_EMPTY_BODY = YES;
				CLANG_WARN_ENUM_CONVERSION = YES;
				CLANG_WARN_INFINITE_RECURSION = YES;
				CLANG_WARN_INT_CONVERSION = YES;
				CLANG_WARN_NON_LITERAL_NULL_CONVERSION = YES;
				CLANG_WARN_OBJC_IMPLICIT_RETAIN_SELF = YES;
				CLANG_WARN_OBJC_LITERAL_CONVERSION = YES;
				CLANG_WARN_OBJC_ROOT_CLASS = YES_ERROR;
				CLANG_WARN_QUOTED_INCLUDE_IN_FRAMEWORK_HEADER = YES;
				CLANG_WARN_RANGE_LOOP_ANALYSIS = YES;
				CLANG_WARN_STRICT_PROTOTYPES = YES;
				CLANG_WARN_SUSPICIOUS_MOVE = YES;
				CLANG_WARN_UNGUARDED_AVAILABILITY = YES_AGGRESSIVE;
				CLANG_WARN_UNREACHABLE_CODE = YES;
				CLANG_WARN__DUPLICATE_METHOD_MATCH = YES;
				COPY_PHASE_STRIP = NO;
				DEBUG_INFORMATION_FORMAT = "dwarf-with-dsym";
				ENABLE_NS_ASSERTIONS = NO;
				ENABLE_STRICT_OBJC_MSGSEND = YES;
				GCC_C_LANGUAGE_STANDARD = gnu11;
				GCC_NO_COMMON_BLOCKS = YES;
				GCC_WARN_64_TO_32_BIT_CONVERSION = YES;
				GCC_WARN_ABOUT_RETURN_TYPE = YES_ERROR;
				GCC_WARN_UNDECLARED_SELECTOR = YES;
				GCC_WARN_UNINITIALIZED_AUTOS = YES_AGGRESSIVE;
				GCC_WARN_UNUSED_FUNCTION = YES;
				GCC_WARN_UNUSED_VARIABLE = YES;
				IPHONEOS_DEPLOYMENT_TARGET = 15.4;
				MTL_ENABLE_DEBUG_INFO = NO;
				MTL_FAST_MATH = YES;
				SDKROOT = iphoneos;
				SWIFT_COMPILATION_MODE = wholemodule;
				SWIFT_OPTIMIZATION_LEVEL = "-O";
				VALIDATE_PRODUCT = YES;
			};
			name = Release;
		};
		EDA225B82A34BB2000F10E20 /* Debug */ = {
			isa = XCBuildConfiguration;
			buildSettings = {
				ASSETCATALOG_COMPILER_APPICON_NAME = AppIcon;
				ASSETCATALOG_COMPILER_GLOBAL_ACCENT_COLOR_NAME = AccentColor;
				CODE_SIGN_STYLE = Automatic;
				CURRENT_PROJECT_VERSION = 1;
				DEVELOPMENT_TEAM = NWASYP236C;
				GENERATE_INFOPLIST_FILE = YES;
				INFOPLIST_FILE = "IHC-1/Info.plist";
				INFOPLIST_KEY_UIApplicationSupportsIndirectInputEvents = YES;
				INFOPLIST_KEY_UILaunchStoryboardName = LaunchScreen;
				INFOPLIST_KEY_UIStatusBarHidden = NO;
				INFOPLIST_KEY_UIStatusBarStyle = UIStatusBarStyleDarkContent;
				INFOPLIST_KEY_UISupportedInterfaceOrientations = UIInterfaceOrientationPortrait;
				INFOPLIST_KEY_UISupportedInterfaceOrientations_iPad = "UIInterfaceOrientationLandscapeLeft UIInterfaceOrientationLandscapeRight UIInterfaceOrientationPortrait UIInterfaceOrientationPortraitUpsideDown";
				LD_RUNPATH_SEARCH_PATHS = (
					"$(inherited)",
					"@executable_path/Frameworks",
				);
				MARKETING_VERSION = 1.0;
				PRODUCT_BUNDLE_IDENTIFIER = "Marcos.IHC-1";
				PRODUCT_NAME = "$(TARGET_NAME)";
				SWIFT_EMIT_LOC_STRINGS = YES;
				SWIFT_VERSION = 5.0;
				TARGETED_DEVICE_FAMILY = 1;
			};
			name = Debug;
		};
		EDA225B92A34BB2000F10E20 /* Release */ = {
			isa = XCBuildConfiguration;
			buildSettings = {
				ASSETCATALOG_COMPILER_APPICON_NAME = AppIcon;
				ASSETCATALOG_COMPILER_GLOBAL_ACCENT_COLOR_NAME = AccentColor;
				CODE_SIGN_STYLE = Automatic;
				CURRENT_PROJECT_VERSION = 1;
				DEVELOPMENT_TEAM = NWASYP236C;
				GENERATE_INFOPLIST_FILE = YES;
				INFOPLIST_FILE = "IHC-1/Info.plist";
				INFOPLIST_KEY_UIApplicationSupportsIndirectInputEvents = YES;
				INFOPLIST_KEY_UILaunchStoryboardName = LaunchScreen;
				INFOPLIST_KEY_UIStatusBarHidden = NO;
				INFOPLIST_KEY_UIStatusBarStyle = UIStatusBarStyleDarkContent;
				INFOPLIST_KEY_UISupportedInterfaceOrientations = UIInterfaceOrientationPortrait;
				INFOPLIST_KEY_UISupportedInterfaceOrientations_iPad = "UIInterfaceOrientationLandscapeLeft UIInterfaceOrientationLandscapeRight UIInterfaceOrientationPortrait UIInterfaceOrientationPortraitUpsideDown";
				LD_RUNPATH_SEARCH_PATHS = (
					"$(inherited)",
					"@executable_path/Frameworks",
				);
				MARKETING_VERSION = 1.0;
				PRODUCT_BUNDLE_IDENTIFIER = "Marcos.IHC-1";
				PRODUCT_NAME = "$(TARGET_NAME)";
				SWIFT_EMIT_LOC_STRINGS = YES;
				SWIFT_VERSION = 5.0;
				TARGETED_DEVICE_FAMILY = 1;
			};
			name = Release;
		};
/* End XCBuildConfiguration section */

/* Begin XCConfigurationList section */
		EDA2259E2A34BB1C00F10E20 /* Build configuration list for PBXProject "IHC-1" */ = {
			isa = XCConfigurationList;
			buildConfigurations = (
				EDA225B52A34BB2000F10E20 /* Debug */,
				EDA225B62A34BB2000F10E20 /* Release */,
			);
			defaultConfigurationIsVisible = 0;
			defaultConfigurationName = Release;
		};
		EDA225B72A34BB2000F10E20 /* Build configuration list for PBXNativeTarget "IHC-1" */ = {
			isa = XCConfigurationList;
			buildConfigurations = (
				EDA225B82A34BB2000F10E20 /* Debug */,
				EDA225B92A34BB2000F10E20 /* Release */,
			);
			defaultConfigurationIsVisible = 0;
			defaultConfigurationName = Release;
		};
/* End XCConfigurationList section */
	};
	rootObject = EDA2259B2A34BB1C00F10E20 /* Project object */;
}
